
Microsoft Visual Studio Solution File, Format Version 12.00
# Visual Studio Version 17
VisualStudioVersion = 17.13.35825.156 d17.13
MinimumVisualStudioVersion = 10.0.40219.1
Project("{FAE04EC0-301F-11D3-BF4B-00C04F79EFBC}") = "26_5_6_class4", "26_5_6_class4.csproj", "{4533E0CC-6DC7-4439-A440-CB4943E240BC}"
EndProject
Global
	GlobalSection(SolutionConfigurationPlatforms) = preSolution
		Debug|Any CPU = Debug|Any CPU
		Release|Any CPU = Release|Any CPU
	EndGlobalSection
	GlobalSection(ProjectConfigurationPlatforms) = postSolution
		{4533E0CC-6DC7-4439-A440-CB4943E240BC}.Debug|Any CPU.ActiveCfg = Debug|Any CPU
		{4533E0CC-6DC7-4439-A440-CB4943E240BC}.Debug|Any CPU.Build.0 = Debug|Any CPU
		{4533E0CC-6DC7-4439-A440-CB4943E240BC}.Release|Any CPU.ActiveCfg = Release|Any CPU
		{4533E0CC-6DC7-4439-A440-CB4943E240BC}.Release|Any CPU.Build.0 = Release|Any CPU
	EndGlobalSection
	GlobalSection(SolutionProperties) = preSolution
		HideSolutionNode = FALSE
	EndGlobalSection
	GlobalSection(ExtensibilityGlobals) = postSolution
		SolutionGuid = {B57D19F7-D78A-468B-B4B3-7F681687063C}
	EndGlobalSection
EndGlobal
