
Microsoft Visual Studio Solution File, Format Version 12.00
# Visual Studio Version 17
VisualStudioVersion = 17.13.35825.156 d17.13
MinimumVisualStudioVersion = 10.0.40219.1
Project("{FAE04EC0-301F-11D3-BF4B-00C04F79EFBC}") = "26_6_24_상속&다형성", "26_6_24_상속&다형성.csproj", "{63C64FA9-CC08-4A4E-B108-38159C36ADA1}"
EndProject
Global
	GlobalSection(SolutionConfigurationPlatforms) = preSolution
		Debug|Any CPU = Debug|Any CPU
		Release|Any CPU = Release|Any CPU
	EndGlobalSection
	GlobalSection(ProjectConfigurationPlatforms) = postSolution
		{63C64FA9-CC08-4A4E-B108-38159C36ADA1}.Debug|Any CPU.ActiveCfg = Debug|Any CPU
		{63C64FA9-CC08-4A4E-B108-38159C36ADA1}.Debug|Any CPU.Build.0 = Debug|Any CPU
		{63C64FA9-CC08-4A4E-B108-38159C36ADA1}.Release|Any CPU.ActiveCfg = Release|Any CPU
		{63C64FA9-CC08-4A4E-B108-38159C36ADA1}.Release|Any CPU.Build.0 = Release|Any CPU
	EndGlobalSection
	GlobalSection(SolutionProperties) = preSolution
		HideSolutionNode = FALSE
	EndGlobalSection
	GlobalSection(ExtensibilityGlobals) = postSolution
		SolutionGuid = {51C4F0A5-8BF4-430D-B492-F3FB9DA20267}
	EndGlobalSection
EndGlobal
