
Microsoft Visual Studio Solution File, Format Version 12.00
# Visual Studio Version 17
VisualStudioVersion = 17.13.35825.156 d17.13
MinimumVisualStudioVersion = 10.0.40219.1
Project("{FAE04EC0-301F-11D3-BF4B-00C04F79EFBC}") = "26_6_10_메모화", "26_6_10_메모화.csproj", "{2E1E2861-8C4F-4783-88BF-F0FDCD05B4B2}"
EndProject
Global
	GlobalSection(SolutionConfigurationPlatforms) = preSolution
		Debug|Any CPU = Debug|Any CPU
		Release|Any CPU = Release|Any CPU
	EndGlobalSection
	GlobalSection(ProjectConfigurationPlatforms) = postSolution
		{2E1E2861-8C4F-4783-88BF-F0FDCD05B4B2}.Debug|Any CPU.ActiveCfg = Debug|Any CPU
		{2E1E2861-8C4F-4783-88BF-F0FDCD05B4B2}.Debug|Any CPU.Build.0 = Debug|Any CPU
		{2E1E2861-8C4F-4783-88BF-F0FDCD05B4B2}.Release|Any CPU.ActiveCfg = Release|Any CPU
		{2E1E2861-8C4F-4783-88BF-F0FDCD05B4B2}.Release|Any CPU.Build.0 = Release|Any CPU
	EndGlobalSection
	GlobalSection(SolutionProperties) = preSolution
		HideSolutionNode = FALSE
	EndGlobalSection
	GlobalSection(ExtensibilityGlobals) = postSolution
		SolutionGuid = {EF9F4530-D033-46B7-9E7B-85267DB7911B}
	EndGlobalSection
EndGlobal
