
Microsoft Visual Studio Solution File, Format Version 12.00
# Visual Studio Version 17
VisualStudioVersion = 17.13.35825.156 d17.13
MinimumVisualStudioVersion = 10.0.40219.1
Project("{FAE04EC0-301F-11D3-BF4B-00C04F79EFBC}") = "26.4.15_이동하는_달팽이", "26.4.15_이동하는_달팽이.csproj", "{1AA24C37-D2CA-4B5F-A380-21972287FAD5}"
EndProject
Global
	GlobalSection(SolutionConfigurationPlatforms) = preSolution
		Debug|Any CPU = Debug|Any CPU
		Release|Any CPU = Release|Any CPU
	EndGlobalSection
	GlobalSection(ProjectConfigurationPlatforms) = postSolution
		{1AA24C37-D2CA-4B5F-A380-21972287FAD5}.Debug|Any CPU.ActiveCfg = Debug|Any CPU
		{1AA24C37-D2CA-4B5F-A380-21972287FAD5}.Debug|Any CPU.Build.0 = Debug|Any CPU
		{1AA24C37-D2CA-4B5F-A380-21972287FAD5}.Release|Any CPU.ActiveCfg = Release|Any CPU
		{1AA24C37-D2CA-4B5F-A380-21972287FAD5}.Release|Any CPU.Build.0 = Release|Any CPU
	EndGlobalSection
	GlobalSection(SolutionProperties) = preSolution
		HideSolutionNode = FALSE
	EndGlobalSection
	GlobalSection(ExtensibilityGlobals) = postSolution
		SolutionGuid = {D69A681A-6E35-4734-A5EA-03CC4826191D}
	EndGlobalSection
EndGlobal
