
Microsoft Visual Studio Solution File, Format Version 12.00
# Visual Studio Version 17
VisualStudioVersion = 17.13.35825.156 d17.13
MinimumVisualStudioVersion = 10.0.40219.1
Project("{FAE04EC0-301F-11D3-BF4B-00C04F79EFBC}") = "Sum of 1~100", "Sum of 1~100\Sum of 1~100.csproj", "{C4916C76-7E5B-4290-B7A3-D7D2F2344EF9}"
EndProject
Global
	GlobalSection(SolutionConfigurationPlatforms) = preSolution
		Debug|Any CPU = Debug|Any CPU
		Release|Any CPU = Release|Any CPU
	EndGlobalSection
	GlobalSection(ProjectConfigurationPlatforms) = postSolution
		{C4916C76-7E5B-4290-B7A3-D7D2F2344EF9}.Debug|Any CPU.ActiveCfg = Debug|Any CPU
		{C4916C76-7E5B-4290-B7A3-D7D2F2344EF9}.Debug|Any CPU.Build.0 = Debug|Any CPU
		{C4916C76-7E5B-4290-B7A3-D7D2F2344EF9}.Release|Any CPU.ActiveCfg = Release|Any CPU
		{C4916C76-7E5B-4290-B7A3-D7D2F2344EF9}.Release|Any CPU.Build.0 = Release|Any CPU
	EndGlobalSection
	GlobalSection(SolutionProperties) = preSolution
		HideSolutionNode = FALSE
	EndGlobalSection
	GlobalSection(ExtensibilityGlobals) = postSolution
		SolutionGuid = {CB471D25-D35A-4F88-9B50-CD879C94EE91}
	EndGlobalSection
EndGlobal
