
Microsoft Visual Studio Solution File, Format Version 12.00
# Visual Studio Version 17
VisualStudioVersion = 17.13.35825.156 d17.13
MinimumVisualStudioVersion = 10.0.40219.1
Project("{FAE04EC0-301F-11D3-BF4B-00C04F79EFBC}") = "Ethercat_Test", "Ethercat_Test.csproj", "{D6E557F0-D7E3-4EDB-8C2E-2DD0BC9FA773}"
EndProject
Global
	GlobalSection(SolutionConfigurationPlatforms) = preSolution
		Debug|Any CPU = Debug|Any CPU
		Release|Any CPU = Release|Any CPU
	EndGlobalSection
	GlobalSection(ProjectConfigurationPlatforms) = postSolution
		{D6E557F0-D7E3-4EDB-8C2E-2DD0BC9FA773}.Debug|Any CPU.ActiveCfg = Debug|Any CPU
		{D6E557F0-D7E3-4EDB-8C2E-2DD0BC9FA773}.Debug|Any CPU.Build.0 = Debug|Any CPU
		{D6E557F0-D7E3-4EDB-8C2E-2DD0BC9FA773}.Release|Any CPU.ActiveCfg = Release|Any CPU
		{D6E557F0-D7E3-4EDB-8C2E-2DD0BC9FA773}.Release|Any CPU.Build.0 = Release|Any CPU
	EndGlobalSection
	GlobalSection(SolutionProperties) = preSolution
		HideSolutionNode = FALSE
	EndGlobalSection
	GlobalSection(ExtensibilityGlobals) = postSolution
		SolutionGuid = {54E42A26-9217-4ABE-AE02-A0197187B264}
	EndGlobalSection
EndGlobal
