
Microsoft Visual Studio Solution File, Format Version 12.00
# Visual Studio Version 17
VisualStudioVersion = 17.13.35825.156 d17.13
MinimumVisualStudioVersion = 10.0.40219.1
Project("{FAE04EC0-301F-11D3-BF4B-00C04F79EFBC}") = "26.4.15_class2", "26.4.15_class2.csproj", "{DF75D7FC-EB91-4D64-A57D-498113D567A1}"
EndProject
Global
	GlobalSection(SolutionConfigurationPlatforms) = preSolution
		Debug|Any CPU = Debug|Any CPU
		Release|Any CPU = Release|Any CPU
	EndGlobalSection
	GlobalSection(ProjectConfigurationPlatforms) = postSolution
		{DF75D7FC-EB91-4D64-A57D-498113D567A1}.Debug|Any CPU.ActiveCfg = Debug|Any CPU
		{DF75D7FC-EB91-4D64-A57D-498113D567A1}.Debug|Any CPU.Build.0 = Debug|Any CPU
		{DF75D7FC-EB91-4D64-A57D-498113D567A1}.Release|Any CPU.ActiveCfg = Release|Any CPU
		{DF75D7FC-EB91-4D64-A57D-498113D567A1}.Release|Any CPU.Build.0 = Release|Any CPU
	EndGlobalSection
	GlobalSection(SolutionProperties) = preSolution
		HideSolutionNode = FALSE
	EndGlobalSection
	GlobalSection(ExtensibilityGlobals) = postSolution
		SolutionGuid = {7E4A293D-99B5-418E-809A-2AFFBD18A610}
	EndGlobalSection
EndGlobal
