
Microsoft Visual Studio Solution File, Format Version 12.00
# Visual Studio Version 17
VisualStudioVersion = 17.13.35825.156 d17.13
MinimumVisualStudioVersion = 10.0.40219.1
Project("{FAE04EC0-301F-11D3-BF4B-00C04F79EFBC}") = "26_6_10_값복사와_참조복사", "26_6_10_값복사와_참조복사.csproj", "{C46DCC44-BE24-47B7-97F0-90BA5CE26DA3}"
EndProject
Global
	GlobalSection(SolutionConfigurationPlatforms) = preSolution
		Debug|Any CPU = Debug|Any CPU
		Release|Any CPU = Release|Any CPU
	EndGlobalSection
	GlobalSection(ProjectConfigurationPlatforms) = postSolution
		{C46DCC44-BE24-47B7-97F0-90BA5CE26DA3}.Debug|Any CPU.ActiveCfg = Debug|Any CPU
		{C46DCC44-BE24-47B7-97F0-90BA5CE26DA3}.Debug|Any CPU.Build.0 = Debug|Any CPU
		{C46DCC44-BE24-47B7-97F0-90BA5CE26DA3}.Release|Any CPU.ActiveCfg = Release|Any CPU
		{C46DCC44-BE24-47B7-97F0-90BA5CE26DA3}.Release|Any CPU.Build.0 = Release|Any CPU
	EndGlobalSection
	GlobalSection(SolutionProperties) = preSolution
		HideSolutionNode = FALSE
	EndGlobalSection
	GlobalSection(ExtensibilityGlobals) = postSolution
		SolutionGuid = {1DE44D82-2300-4DDF-BCFF-1F69DCFE15F8}
	EndGlobalSection
EndGlobal
