
Microsoft Visual Studio Solution File, Format Version 12.00
# Visual Studio Version 17
VisualStudioVersion = 17.13.35825.156 d17.13
MinimumVisualStudioVersion = 10.0.40219.1
Project("{FAE04EC0-301F-11D3-BF4B-00C04F79EFBC}") = "2026_04_08_coffeeshop2", "2026_04_08_coffeeshop2.csproj", "{3CAF1F19-C8B8-4F44-A5B6-25E64F63DFC9}"
EndProject
Global
	GlobalSection(SolutionConfigurationPlatforms) = preSolution
		Debug|Any CPU = Debug|Any CPU
		Release|Any CPU = Release|Any CPU
	EndGlobalSection
	GlobalSection(ProjectConfigurationPlatforms) = postSolution
		{3CAF1F19-C8B8-4F44-A5B6-25E64F63DFC9}.Debug|Any CPU.ActiveCfg = Debug|Any CPU
		{3CAF1F19-C8B8-4F44-A5B6-25E64F63DFC9}.Debug|Any CPU.Build.0 = Debug|Any CPU
		{3CAF1F19-C8B8-4F44-A5B6-25E64F63DFC9}.Release|Any CPU.ActiveCfg = Release|Any CPU
		{3CAF1F19-C8B8-4F44-A5B6-25E64F63DFC9}.Release|Any CPU.Build.0 = Release|Any CPU
	EndGlobalSection
	GlobalSection(SolutionProperties) = preSolution
		HideSolutionNode = FALSE
	EndGlobalSection
	GlobalSection(ExtensibilityGlobals) = postSolution
		SolutionGuid = {10FCDE9E-ADF4-4F3C-826F-90EFC8D73AED}
	EndGlobalSection
EndGlobal
