
Microsoft Visual Studio Solution File, Format Version 12.00
# Visual Studio Version 17
VisualStudioVersion = 17.13.35825.156 d17.13
MinimumVisualStudioVersion = 10.0.40219.1
Project("{FAE04EC0-301F-11D3-BF4B-00C04F79EFBC}") = "2026.4.1_mission", "2026.4.1_mission.csproj", "{B19D0750-23D8-4F3B-A90B-89097591ADD9}"
EndProject
Global
	GlobalSection(SolutionConfigurationPlatforms) = preSolution
		Debug|Any CPU = Debug|Any CPU
		Release|Any CPU = Release|Any CPU
	EndGlobalSection
	GlobalSection(ProjectConfigurationPlatforms) = postSolution
		{B19D0750-23D8-4F3B-A90B-89097591ADD9}.Debug|Any CPU.ActiveCfg = Debug|Any CPU
		{B19D0750-23D8-4F3B-A90B-89097591ADD9}.Debug|Any CPU.Build.0 = Debug|Any CPU
		{B19D0750-23D8-4F3B-A90B-89097591ADD9}.Release|Any CPU.ActiveCfg = Release|Any CPU
		{B19D0750-23D8-4F3B-A90B-89097591ADD9}.Release|Any CPU.Build.0 = Release|Any CPU
	EndGlobalSection
	GlobalSection(SolutionProperties) = preSolution
		HideSolutionNode = FALSE
	EndGlobalSection
	GlobalSection(ExtensibilityGlobals) = postSolution
		SolutionGuid = {4BCF6EA0-675F-4C1B-96DE-970DF69EABDB}
	EndGlobalSection
EndGlobal
