
Microsoft Visual Studio Solution File, Format Version 12.00
# Visual Studio Version 17
VisualStudioVersion = 17.13.35825.156 d17.13
MinimumVisualStudioVersion = 10.0.40219.1
Project("{FAE04EC0-301F-11D3-BF4B-00C04F79EFBC}") = "student", "student.csproj", "{7C9A5667-1D53-4E2F-930F-431B0C70661B}"
EndProject
Global
	GlobalSection(SolutionConfigurationPlatforms) = preSolution
		Debug|Any CPU = Debug|Any CPU
		Release|Any CPU = Release|Any CPU
	EndGlobalSection
	GlobalSection(ProjectConfigurationPlatforms) = postSolution
		{7C9A5667-1D53-4E2F-930F-431B0C70661B}.Debug|Any CPU.ActiveCfg = Debug|Any CPU
		{7C9A5667-1D53-4E2F-930F-431B0C70661B}.Debug|Any CPU.Build.0 = Debug|Any CPU
		{7C9A5667-1D53-4E2F-930F-431B0C70661B}.Release|Any CPU.ActiveCfg = Release|Any CPU
		{7C9A5667-1D53-4E2F-930F-431B0C70661B}.Release|Any CPU.Build.0 = Release|Any CPU
	EndGlobalSection
	GlobalSection(SolutionProperties) = preSolution
		HideSolutionNode = FALSE
	EndGlobalSection
	GlobalSection(ExtensibilityGlobals) = postSolution
		SolutionGuid = {931E7502-045C-4196-B39E-5B2AE2D31F69}
	EndGlobalSection
EndGlobal
