
Microsoft Visual Studio Solution File, Format Version 12.00
# Visual Studio Version 17
VisualStudioVersion = 17.13.35825.156 d17.13
MinimumVisualStudioVersion = 10.0.40219.1
Project("{FAE04EC0-301F-11D3-BF4B-00C04F79EFBC}") = "26.4.15.break2", "26.4.15.break2.csproj", "{FE21D45F-DD32-4E4C-9B09-D68BB361F3A5}"
EndProject
Global
	GlobalSection(SolutionConfigurationPlatforms) = preSolution
		Debug|Any CPU = Debug|Any CPU
		Release|Any CPU = Release|Any CPU
	EndGlobalSection
	GlobalSection(ProjectConfigurationPlatforms) = postSolution
		{FE21D45F-DD32-4E4C-9B09-D68BB361F3A5}.Debug|Any CPU.ActiveCfg = Debug|Any CPU
		{FE21D45F-DD32-4E4C-9B09-D68BB361F3A5}.Debug|Any CPU.Build.0 = Debug|Any CPU
		{FE21D45F-DD32-4E4C-9B09-D68BB361F3A5}.Release|Any CPU.ActiveCfg = Release|Any CPU
		{FE21D45F-DD32-4E4C-9B09-D68BB361F3A5}.Release|Any CPU.Build.0 = Release|Any CPU
	EndGlobalSection
	GlobalSection(SolutionProperties) = preSolution
		HideSolutionNode = FALSE
	EndGlobalSection
	GlobalSection(ExtensibilityGlobals) = postSolution
		SolutionGuid = {7C41C2D3-5AF7-4E67-BE13-3F873F1BFB92}
	EndGlobalSection
EndGlobal
